
Microsoft Visual Studio Solution File, Format Version 12.00
# Visual Studio Version 16
VisualStudioVersion = 16.0.32510.428
MinimumVisualStudioVersion = 10.0.40219.1
Project("{FAE04EC0-301F-11D3-BF4B-00C04F79EFBC}") = "WebApi", "WebApi.csproj", "{D87A90FB-D7E1-46F0-90BF-174A0F64EBB0}"
EndProject
Global
	GlobalSection(SolutionConfigurationPlatforms) = preSolution
		Debug|Any CPU = Debug|Any CPU
		Release|Any CPU = Release|Any CPU
	EndGlobalSection
	GlobalSection(ProjectConfigurationPlatforms) = postSolution
		{D87A90FB-D7E1-46F0-90BF-174A0F64EBB0}.Debug|Any CPU.ActiveCfg = Debug|Any CPU
		{D87A90FB-D7E1-46F0-90BF-174A0F64EBB0}.Debug|Any CPU.Build.0 = Debug|Any CPU
		{D87A90FB-D7E1-46F0-90BF-174A0F64EBB0}.Release|Any CPU.ActiveCfg = Release|Any CPU
		{D87A90FB-D7E1-46F0-90BF-174A0F64EBB0}.Release|Any CPU.Build.0 = Release|Any CPU
	EndGlobalSection
	GlobalSection(SolutionProperties) = preSolution
		HideSolutionNode = FALSE
	EndGlobalSection
	GlobalSection(ExtensibilityGlobals) = postSolution
		SolutionGuid = {AE032699-1842-4D1E-AB32-A71C6751033F}
	EndGlobalSection
EndGlobal
